// !$*UTF8*$!
{
	archiveVersion = 1;
	classes = {
	};
	objectVersion = 46;
	objects = {

/* Begin PBXBuildFile section */
		7C113B7A1459ADD200B581B6 /* RenderES1.cpp in Sources */ = {isa = PBXBuildFile; fileRef = 7C113B781459ADD200B581B6 /* RenderES1.cpp */; };
		7C28523F1454EC3B00A83EBC /* UIKit.framework in Frameworks */ = {isa = PBXBuildFile; fileRef = 7C28523E1454EC3B00A83EBC /* UIKit.framework */; };
		7C2852411454EC3B00A83EBC /* Foundation.framework in Frameworks */ = {isa = PBXBuildFile; fileRef = 7C2852401454EC3B00A83EBC /* Foundation.framework */; };
		7C2852431454EC3B00A83EBC /* CoreGraphics.framework in Frameworks */ = {isa = PBXBuildFile; fileRef = 7C2852421454EC3B00A83EBC /* CoreGraphics.framework */; };
		7C2852491454EC3B00A83EBC /* InfoPlist.strings in Resources */ = {isa = PBXBuildFile; fileRef = 7C2852471454EC3B00A83EBC /* InfoPlist.strings */; };
		7C28524C1454EC3B00A83EBC /* main.m in Sources */ = {isa = PBXBuildFile; fileRef = 7C28524B1454EC3B00A83EBC /* main.m */; };
		7C28524F1454EC3B00A83EBC /* angry_busAppDelegate.mm in Sources */ = {isa = PBXBuildFile; fileRef = 7C28524E1454EC3B00A83EBC /* angry_busAppDelegate.mm */; };
		7C5CF3EB146440DE00019AE0 /* StateAboutUs.cpp in Sources */ = {isa = PBXBuildFile; fileRef = 7C5CF3E1146440DE00019AE0 /* StateAboutUs.cpp */; };
		7C5CF3EC146440DE00019AE0 /* StateEntryPoint.cpp in Sources */ = {isa = PBXBuildFile; fileRef = 7C5CF3E3146440DE00019AE0 /* StateEntryPoint.cpp */; };
		7C5CF3ED146440DE00019AE0 /* StateLevelSelection.cpp in Sources */ = {isa = PBXBuildFile; fileRef = 7C5CF3E5146440DE00019AE0 /* StateLevelSelection.cpp */; };
		7C5CF3EE146440DE00019AE0 /* StateMachine.cpp in Sources */ = {isa = PBXBuildFile; fileRef = 7C5CF3E7146440DE00019AE0 /* StateMachine.cpp */; };
		7C5CF3EF146440DE00019AE0 /* StatePlaying.cpp in Sources */ = {isa = PBXBuildFile; fileRef = 7C5CF3E9146440DE00019AE0 /* StatePlaying.cpp */; };
		7C5CF3F3146440ED00019AE0 /* Node.cpp in Sources */ = {isa = PBXBuildFile; fileRef = 7C5CF3F1146440ED00019AE0 /* Node.cpp */; };
		7C5CF3F614644FC400019AE0 /* xiongmao01.png in Resources */ = {isa = PBXBuildFile; fileRef = 7C5CF3F514644FC400019AE0 /* xiongmao01.png */; };
		7C6EE0241462E0AB007A8A31 /* Texture.mm in Sources */ = {isa = PBXBuildFile; fileRef = 7C6EE0201462E0AB007A8A31 /* Texture.mm */; };
		7C6EE0251462E0AB007A8A31 /* TextureManager.cpp in Sources */ = {isa = PBXBuildFile; fileRef = 7C6EE0221462E0AB007A8A31 /* TextureManager.cpp */; };
		7C6EE0301462F6DE007A8A31 /* diffuse.vs in Resources */ = {isa = PBXBuildFile; fileRef = 7C6EE02F1462F6DD007A8A31 /* diffuse.vs */; };
		7C6EE0321462F740007A8A31 /* diffuse.fs in Resources */ = {isa = PBXBuildFile; fileRef = 7C6EE0311462F740007A8A31 /* diffuse.fs */; };
		7C6EE034146303AF007A8A31 /* texture.vs in Resources */ = {isa = PBXBuildFile; fileRef = 7C6EE033146303AF007A8A31 /* texture.vs */; };
		7C6EE036146303BF007A8A31 /* texture.fs in Resources */ = {isa = PBXBuildFile; fileRef = 7C6EE035146303BF007A8A31 /* texture.fs */; };
		7C6EE039146305A6007A8A31 /* Vector2.cpp in Sources */ = {isa = PBXBuildFile; fileRef = 7C6EE037146305A6007A8A31 /* Vector2.cpp */; };
		7C6EE03D14630ABC007A8A31 /* Default.png in Resources */ = {isa = PBXBuildFile; fileRef = 7C6EE03C14630ABC007A8A31 /* Default.png */; };
		7C8222AB145CF2890034C429 /* EntityManager.cpp in Sources */ = {isa = PBXBuildFile; fileRef = 7C8222A9145CF2880034C429 /* EntityManager.cpp */; };
		7C822543145EE18100319628 /* ProgramManager.cpp in Sources */ = {isa = PBXBuildFile; fileRef = 7C822541145EE18100319628 /* ProgramManager.cpp */; };
		7C822547145EE40400319628 /* Shader.mm in Sources */ = {isa = PBXBuildFile; fileRef = 7C822545145EE40400319628 /* Shader.mm */; };
		7C82254A145EE57100319628 /* ShaderManager.cpp in Sources */ = {isa = PBXBuildFile; fileRef = 7C822548145EE57100319628 /* ShaderManager.cpp */; };
		7C82254D145EF43700319628 /* Color.cpp in Sources */ = {isa = PBXBuildFile; fileRef = 7C82254B145EF43700319628 /* Color.cpp */; };
		7C822550145EFC1A00319628 /* Vertex.cpp in Sources */ = {isa = PBXBuildFile; fileRef = 7C82254E145EFC1A00319628 /* Vertex.cpp */; };
		7C822568145F0E2200319628 /* fuck.vs in Resources */ = {isa = PBXBuildFile; fileRef = 7C822567145F0E2200319628 /* fuck.vs */; };
		7C82256A145F0EA600319628 /* fuck.fs in Resources */ = {isa = PBXBuildFile; fileRef = 7C822569145F0EA600319628 /* fuck.fs */; };
		7C84D711145B779A00397B7A /* RenderES2.mm in Sources */ = {isa = PBXBuildFile; fileRef = 7C84D70F145B779A00397B7A /* RenderES2.mm */; };
		7C84D714145B7AA900397B7A /* Program.mm in Sources */ = {isa = PBXBuildFile; fileRef = 7C84D712145B7AA900397B7A /* Program.mm */; };
		7C84D752145BA1F500397B7A /* bootstrapper.cpp in Sources */ = {isa = PBXBuildFile; fileRef = 7C84D750145BA1F500397B7A /* bootstrapper.cpp */; };
		7C84D755145BA44700397B7A /* ServicesProvider.cpp in Sources */ = {isa = PBXBuildFile; fileRef = 7C84D753145BA44700397B7A /* ServicesProvider.cpp */; };
		7C84D759145BA73A00397B7A /* icon.png in Resources */ = {isa = PBXBuildFile; fileRef = 7C84D758145BA73A00397B7A /* icon.png */; };
		7C84D75F145C048100397B7A /* RenderComponent.cpp in Sources */ = {isa = PBXBuildFile; fileRef = 7C84D75D145C048000397B7A /* RenderComponent.cpp */; };
		7C84D762145C052800397B7A /* Entity.cpp in Sources */ = {isa = PBXBuildFile; fileRef = 7C84D760145C052700397B7A /* Entity.cpp */; };
		7C84D764145C0F6500397B7A /* IRender.cpp in Sources */ = {isa = PBXBuildFile; fileRef = 7C84D763145C0F6500397B7A /* IRender.cpp */; };
		7C8830F81455A71A0044D0FA /* OpenGLES.framework in Frameworks */ = {isa = PBXBuildFile; fileRef = 7C8830F61455A71A0044D0FA /* OpenGLES.framework */; };
		7C8830F91455A71A0044D0FA /* QuartzCore.framework in Frameworks */ = {isa = PBXBuildFile; fileRef = 7C8830F71455A71A0044D0FA /* QuartzCore.framework */; };
		7C8830FD1455A8050044D0FA /* GLView.mm in Sources */ = {isa = PBXBuildFile; fileRef = 7C8830FC1455A8050044D0FA /* GLView.mm */; };
		7C8A9C60146623BF004E3AE8 /* PhysicsComponent.cpp in Sources */ = {isa = PBXBuildFile; fileRef = 7C8A9C5E146623BF004E3AE8 /* PhysicsComponent.cpp */; };
		7C8A9C6E146685AC004E3AE8 /* Common.cpp in Sources */ = {isa = PBXBuildFile; fileRef = 7C8A9C6D146685AC004E3AE8 /* Common.cpp */; };
		7CC3C759146062D0006BCB8E /* Box2DConfig.cmake in Resources */ = {isa = PBXBuildFile; fileRef = 7CC3C45F146062CF006BCB8E /* Box2DConfig.cmake */; };
		7CC3C75A146062D0006BCB8E /* CMakeLists.txt in Resources */ = {isa = PBXBuildFile; fileRef = 7CC3C460146062CF006BCB8E /* CMakeLists.txt */; };
		7CC3C75B146062D0006BCB8E /* b2BroadPhase.cpp in Sources */ = {isa = PBXBuildFile; fileRef = 7CC3C462146062CF006BCB8E /* b2BroadPhase.cpp */; };
		7CC3C75C146062D0006BCB8E /* b2CollideCircle.cpp in Sources */ = {isa = PBXBuildFile; fileRef = 7CC3C464146062CF006BCB8E /* b2CollideCircle.cpp */; };
		7CC3C75D146062D0006BCB8E /* b2CollideEdge.cpp in Sources */ = {isa = PBXBuildFile; fileRef = 7CC3C465146062CF006BCB8E /* b2CollideEdge.cpp */; };
		7CC3C75E146062D0006BCB8E /* b2CollidePolygon.cpp in Sources */ = {isa = PBXBuildFile; fileRef = 7CC3C466146062CF006BCB8E /* b2CollidePolygon.cpp */; };
		7CC3C75F146062D0006BCB8E /* b2Collision.cpp in Sources */ = {isa = PBXBuildFile; fileRef = 7CC3C467146062CF006BCB8E /* b2Collision.cpp */; };
		7CC3C760146062D0006BCB8E /* b2Distance.cpp in Sources */ = {isa = PBXBuildFile; fileRef = 7CC3C469146062CF006BCB8E /* b2Distance.cpp */; };
		7CC3C761146062D0006BCB8E /* b2DynamicTree.cpp in Sources */ = {isa = PBXBuildFile; fileRef = 7CC3C46B146062CF006BCB8E /* b2DynamicTree.cpp */; };
		7CC3C762146062D0006BCB8E /* b2TimeOfImpact.cpp in Sources */ = {isa = PBXBuildFile; fileRef = 7CC3C46D146062CF006BCB8E /* b2TimeOfImpact.cpp */; };
		7CC3C763146062D0006BCB8E /* b2ChainShape.cpp in Sources */ = {isa = PBXBuildFile; fileRef = 7CC3C470146062CF006BCB8E /* b2ChainShape.cpp */; };
		7CC3C764146062D0006BCB8E /* b2CircleShape.cpp in Sources */ = {isa = PBXBuildFile; fileRef = 7CC3C472146062CF006BCB8E /* b2CircleShape.cpp */; };
		7CC3C765146062D0006BCB8E /* b2EdgeShape.cpp in Sources */ = {isa = PBXBuildFile; fileRef = 7CC3C474146062CF006BCB8E /* b2EdgeShape.cpp */; };
		7CC3C766146062D0006BCB8E /* b2PolygonShape.cpp in Sources */ = {isa = PBXBuildFile; fileRef = 7CC3C476146062CF006BCB8E /* b2PolygonShape.cpp */; };
		7CC3C767146062D0006BCB8E /* b2BlockAllocator.cpp in Sources */ = {isa = PBXBuildFile; fileRef = 7CC3C47A146062CF006BCB8E /* b2BlockAllocator.cpp */; };
		7CC3C768146062D0006BCB8E /* b2Draw.cpp in Sources */ = {isa = PBXBuildFile; fileRef = 7CC3C47C146062CF006BCB8E /* b2Draw.cpp */; };
		7CC3C769146062D0006BCB8E /* b2Math.cpp in Sources */ = {isa = PBXBuildFile; fileRef = 7CC3C47F146062CF006BCB8E /* b2Math.cpp */; };
		7CC3C76A146062D0006BCB8E /* b2Settings.cpp in Sources */ = {isa = PBXBuildFile; fileRef = 7CC3C481146062CF006BCB8E /* b2Settings.cpp */; };
		7CC3C76B146062D0006BCB8E /* b2StackAllocator.cpp in Sources */ = {isa = PBXBuildFile; fileRef = 7CC3C483146062CF006BCB8E /* b2StackAllocator.cpp */; };
		7CC3C76C146062D0006BCB8E /* b2Timer.cpp in Sources */ = {isa = PBXBuildFile; fileRef = 7CC3C485146062CF006BCB8E /* b2Timer.cpp */; };
		7CC3C76D146062D0006BCB8E /* b2Body.cpp in Sources */ = {isa = PBXBuildFile; fileRef = 7CC3C488146062CF006BCB8E /* b2Body.cpp */; };
		7CC3C76E146062D0006BCB8E /* b2ContactManager.cpp in Sources */ = {isa = PBXBuildFile; fileRef = 7CC3C48A146062CF006BCB8E /* b2ContactManager.cpp */; };
		7CC3C76F146062D0006BCB8E /* b2Fixture.cpp in Sources */ = {isa = PBXBuildFile; fileRef = 7CC3C48C146062CF006BCB8E /* b2Fixture.cpp */; };
		7CC3C770146062D0006BCB8E /* b2Island.cpp in Sources */ = {isa = PBXBuildFile; fileRef = 7CC3C48E146062CF006BCB8E /* b2Island.cpp */; };
		7CC3C771146062D0006BCB8E /* b2World.cpp in Sources */ = {isa = PBXBuildFile; fileRef = 7CC3C491146062CF006BCB8E /* b2World.cpp */; };
		7CC3C772146062D0006BCB8E /* b2WorldCallbacks.cpp in Sources */ = {isa = PBXBuildFile; fileRef = 7CC3C493146062CF006BCB8E /* b2WorldCallbacks.cpp */; };
		7CC3C773146062D0006BCB8E /* b2ChainAndCircleContact.cpp in Sources */ = {isa = PBXBuildFile; fileRef = 7CC3C496146062CF006BCB8E /* b2ChainAndCircleContact.cpp */; };
		7CC3C774146062D0006BCB8E /* b2ChainAndPolygonContact.cpp in Sources */ = {isa = PBXBuildFile; fileRef = 7CC3C498146062CF006BCB8E /* b2ChainAndPolygonContact.cpp */; };
		7CC3C775146062D0006BCB8E /* b2CircleContact.cpp in Sources */ = {isa = PBXBuildFile; fileRef = 7CC3C49A146062CF006BCB8E /* b2CircleContact.cpp */; };
		7CC3C776146062D0006BCB8E /* b2Contact.cpp in Sources */ = {isa = PBXBuildFile; fileRef = 7CC3C49C146062CF006BCB8E /* b2Contact.cpp */; };
		7CC3C777146062D0006BCB8E /* b2ContactSolver.cpp in Sources */ = {isa = PBXBuildFile; fileRef = 7CC3C49E146062CF006BCB8E /* b2ContactSolver.cpp */; };
		7CC3C778146062D0006BCB8E /* b2EdgeAndCircleContact.cpp in Sources */ = {isa = PBXBuildFile; fileRef = 7CC3C4A0146062CF006BCB8E /* b2EdgeAndCircleContact.cpp */; };
		7CC3C779146062D0006BCB8E /* b2EdgeAndPolygonContact.cpp in Sources */ = {isa = PBXBuildFile; fileRef = 7CC3C4A2146062CF006BCB8E /* b2EdgeAndPolygonContact.cpp */; };
		7CC3C77A146062D0006BCB8E /* b2PolygonAndCircleContact.cpp in Sources */ = {isa = PBXBuildFile; fileRef = 7CC3C4A4146062CF006BCB8E /* b2PolygonAndCircleContact.cpp */; };
		7CC3C77B146062D0006BCB8E /* b2PolygonContact.cpp in Sources */ = {isa = PBXBuildFile; fileRef = 7CC3C4A6146062CF006BCB8E /* b2PolygonContact.cpp */; };
		7CC3C77C146062D0006BCB8E /* b2DistanceJoint.cpp in Sources */ = {isa = PBXBuildFile; fileRef = 7CC3C4A9146062CF006BCB8E /* b2DistanceJoint.cpp */; };
		7CC3C77D146062D0006BCB8E /* b2FrictionJoint.cpp in Sources */ = {isa = PBXBuildFile; fileRef = 7CC3C4AB146062CF006BCB8E /* b2FrictionJoint.cpp */; };
		7CC3C77E146062D0006BCB8E /* b2GearJoint.cpp in Sources */ = {isa = PBXBuildFile; fileRef = 7CC3C4AD146062CF006BCB8E /* b2GearJoint.cpp */; };
		7CC3C77F146062D0006BCB8E /* b2Joint.cpp in Sources */ = {isa = PBXBuildFile; fileRef = 7CC3C4AF146062CF006BCB8E /* b2Joint.cpp */; };
		7CC3C780146062D0006BCB8E /* b2MouseJoint.cpp in Sources */ = {isa = PBXBuildFile; fileRef = 7CC3C4B1146062CF006BCB8E /* b2MouseJoint.cpp */; };
		7CC3C781146062D0006BCB8E /* b2PrismaticJoint.cpp in Sources */ = {isa = PBXBuildFile; fileRef = 7CC3C4B3146062CF006BCB8E /* b2PrismaticJoint.cpp */; };
		7CC3C782146062D0006BCB8E /* b2PulleyJoint.cpp in Sources */ = {isa = PBXBuildFile; fileRef = 7CC3C4B5146062CF006BCB8E /* b2PulleyJoint.cpp */; };
		7CC3C783146062D0006BCB8E /* b2RevoluteJoint.cpp in Sources */ = {isa = PBXBuildFile; fileRef = 7CC3C4B7146062CF006BCB8E /* b2RevoluteJoint.cpp */; };
		7CC3C784146062D0006BCB8E /* b2RopeJoint.cpp in Sources */ = {isa = PBXBuildFile; fileRef = 7CC3C4B9146062CF006BCB8E /* b2RopeJoint.cpp */; };
		7CC3C785146062D0006BCB8E /* b2WeldJoint.cpp in Sources */ = {isa = PBXBuildFile; fileRef = 7CC3C4BB146062CF006BCB8E /* b2WeldJoint.cpp */; };
		7CC3C786146062D0006BCB8E /* b2WheelJoint.cpp in Sources */ = {isa = PBXBuildFile; fileRef = 7CC3C4BD146062CF006BCB8E /* b2WheelJoint.cpp */; };
		7CC3C787146062D0006BCB8E /* b2Rope.cpp in Sources */ = {isa = PBXBuildFile; fileRef = 7CC3C4C0146062CF006BCB8E /* b2Rope.cpp */; };
		7CC3C9DE14606A29006BCB8E /* box2DRender.cpp in Sources */ = {isa = PBXBuildFile; fileRef = 7CC3C9DC14606A29006BCB8E /* box2DRender.cpp */; };
		7CF730B414618D8500084CD3 /* Matrix4.cpp in Sources */ = {isa = PBXBuildFile; fileRef = 7CF730B014618D8500084CD3 /* Matrix4.cpp */; };
		7CF730B514618D8500084CD3 /* Vector3.cpp in Sources */ = {isa = PBXBuildFile; fileRef = 7CF730B214618D8500084CD3 /* Vector3.cpp */; };
/* End PBXBuildFile section */

/* Begin PBXFileReference section */
		7C113B761459A20D00B581B6 /* IRender.h */ = {isa = PBXFileReference; explicitFileType = sourcecode.cpp.h; fileEncoding = 4; path = IRender.h; sourceTree = "<group>"; };
		7C113B781459ADD200B581B6 /* RenderES1.cpp */ = {isa = PBXFileReference; fileEncoding = 4; lastKnownFileType = sourcecode.cpp.cpp; path = RenderES1.cpp; sourceTree = "<group>"; };
		7C113B791459ADD200B581B6 /* RenderES1.h */ = {isa = PBXFileReference; fileEncoding = 4; lastKnownFileType = sourcecode.c.h; path = RenderES1.h; sourceTree = "<group>"; };
		7C28523A1454EC3B00A83EBC /* angry_bus.app */ = {isa = PBXFileReference; explicitFileType = wrapper.application; includeInIndex = 0; path = angry_bus.app; sourceTree = BUILT_PRODUCTS_DIR; };
		7C28523E1454EC3B00A83EBC /* UIKit.framework */ = {isa = PBXFileReference; lastKnownFileType = wrapper.framework; name = UIKit.framework; path = System/Library/Frameworks/UIKit.framework; sourceTree = SDKROOT; };
		7C2852401454EC3B00A83EBC /* Foundation.framework */ = {isa = PBXFileReference; lastKnownFileType = wrapper.framework; name = Foundation.framework; path = System/Library/Frameworks/Foundation.framework; sourceTree = SDKROOT; };
		7C2852421454EC3B00A83EBC /* CoreGraphics.framework */ = {isa = PBXFileReference; lastKnownFileType = wrapper.framework; name = CoreGraphics.framework; path = System/Library/Frameworks/CoreGraphics.framework; sourceTree = SDKROOT; };
		7C2852461454EC3B00A83EBC /* angry_bus-Info.plist */ = {isa = PBXFileReference; lastKnownFileType = text.plist.xml; path = "angry_bus-Info.plist"; sourceTree = "<group>"; };
		7C2852481454EC3B00A83EBC /* en */ = {isa = PBXFileReference; lastKnownFileType = text.plist.strings; name = en; path = en.lproj/InfoPlist.strings; sourceTree = "<group>"; };
		7C28524A1454EC3B00A83EBC /* angry_bus-Prefix.pch */ = {isa = PBXFileReference; lastKnownFileType = sourcecode.c.h; path = "angry_bus-Prefix.pch"; sourceTree = "<group>"; };
		7C28524B1454EC3B00A83EBC /* main.m */ = {isa = PBXFileReference; lastKnownFileType = sourcecode.c.objc; path = main.m; sourceTree = "<group>"; };
		7C28524D1454EC3B00A83EBC /* angry_busAppDelegate.h */ = {isa = PBXFileReference; lastKnownFileType = sourcecode.c.h; path = angry_busAppDelegate.h; sourceTree = "<group>"; };
		7C28524E1454EC3B00A83EBC /* angry_busAppDelegate.mm */ = {isa = PBXFileReference; lastKnownFileType = sourcecode.cpp.objcpp; path = angry_busAppDelegate.mm; sourceTree = "<group>"; };
		7C5CF3E1146440DE00019AE0 /* StateAboutUs.cpp */ = {isa = PBXFileReference; fileEncoding = 4; lastKnownFileType = sourcecode.cpp.cpp; path = StateAboutUs.cpp; sourceTree = "<group>"; };
		7C5CF3E2146440DE00019AE0 /* StateAboutUs.h */ = {isa = PBXFileReference; fileEncoding = 4; lastKnownFileType = sourcecode.c.h; path = StateAboutUs.h; sourceTree = "<group>"; };
		7C5CF3E3146440DE00019AE0 /* StateEntryPoint.cpp */ = {isa = PBXFileReference; fileEncoding = 4; lastKnownFileType = sourcecode.cpp.cpp; path = StateEntryPoint.cpp; sourceTree = "<group>"; };
		7C5CF3E4146440DE00019AE0 /* StateEntryPoint.h */ = {isa = PBXFileReference; fileEncoding = 4; lastKnownFileType = sourcecode.c.h; path = StateEntryPoint.h; sourceTree = "<group>"; };
		7C5CF3E5146440DE00019AE0 /* StateLevelSelection.cpp */ = {isa = PBXFileReference; fileEncoding = 4; lastKnownFileType = sourcecode.cpp.cpp; path = StateLevelSelection.cpp; sourceTree = "<group>"; };
		7C5CF3E6146440DE00019AE0 /* StateLevelSelection.h */ = {isa = PBXFileReference; fileEncoding = 4; lastKnownFileType = sourcecode.c.h; path = StateLevelSelection.h; sourceTree = "<group>"; };
		7C5CF3E7146440DE00019AE0 /* StateMachine.cpp */ = {isa = PBXFileReference; fileEncoding = 4; lastKnownFileType = sourcecode.cpp.cpp; path = StateMachine.cpp; sourceTree = "<group>"; };
		7C5CF3E8146440DE00019AE0 /* StateMachine.h */ = {isa = PBXFileReference; fileEncoding = 4; lastKnownFileType = sourcecode.c.h; path = StateMachine.h; sourceTree = "<group>"; };
		7C5CF3E9146440DE00019AE0 /* StatePlaying.cpp */ = {isa = PBXFileReference; fileEncoding = 4; lastKnownFileType = sourcecode.cpp.cpp; path = StatePlaying.cpp; sourceTree = "<group>"; };
		7C5CF3EA146440DE00019AE0 /* StatePlaying.h */ = {isa = PBXFileReference; fileEncoding = 4; lastKnownFileType = sourcecode.c.h; path = StatePlaying.h; sourceTree = "<group>"; };
		7C5CF3F1146440ED00019AE0 /* Node.cpp */ = {isa = PBXFileReference; fileEncoding = 4; lastKnownFileType = sourcecode.cpp.cpp; path = Node.cpp; sourceTree = "<group>"; };
		7C5CF3F2146440ED00019AE0 /* Node.h */ = {isa = PBXFileReference; fileEncoding = 4; lastKnownFileType = sourcecode.c.h; path = Node.h; sourceTree = "<group>"; };
		7C5CF3F41464465800019AE0 /* IState.h */ = {isa = PBXFileReference; fileEncoding = 4; lastKnownFileType = sourcecode.c.h; path = IState.h; sourceTree = "<group>"; };
		7C5CF3F514644FC400019AE0 /* xiongmao01.png */ = {isa = PBXFileReference; lastKnownFileType = image.png; path = xiongmao01.png; sourceTree = "<group>"; };
		7C6EE0201462E0AB007A8A31 /* Texture.mm */ = {isa = PBXFileReference; fileEncoding = 4; lastKnownFileType = sourcecode.cpp.objcpp; path = Texture.mm; sourceTree = "<group>"; };
		7C6EE0211462E0AB007A8A31 /* Texture.h */ = {isa = PBXFileReference; fileEncoding = 4; lastKnownFileType = sourcecode.c.h; path = Texture.h; sourceTree = "<group>"; };
		7C6EE0221462E0AB007A8A31 /* TextureManager.cpp */ = {isa = PBXFileReference; fileEncoding = 4; lastKnownFileType = sourcecode.cpp.cpp; path = TextureManager.cpp; sourceTree = "<group>"; };
		7C6EE0231462E0AB007A8A31 /* TextureManager.h */ = {isa = PBXFileReference; fileEncoding = 4; lastKnownFileType = sourcecode.c.h; path = TextureManager.h; sourceTree = "<group>"; };
		7C6EE02F1462F6DD007A8A31 /* diffuse.vs */ = {isa = PBXFileReference; fileEncoding = 4; lastKnownFileType = text; path = diffuse.vs; sourceTree = "<group>"; };
		7C6EE0311462F740007A8A31 /* diffuse.fs */ = {isa = PBXFileReference; fileEncoding = 4; lastKnownFileType = text; path = diffuse.fs; sourceTree = "<group>"; };
		7C6EE033146303AF007A8A31 /* texture.vs */ = {isa = PBXFileReference; fileEncoding = 4; lastKnownFileType = text; path = texture.vs; sourceTree = "<group>"; };
		7C6EE035146303BF007A8A31 /* texture.fs */ = {isa = PBXFileReference; fileEncoding = 4; lastKnownFileType = text; path = texture.fs; sourceTree = "<group>"; };
		7C6EE037146305A6007A8A31 /* Vector2.cpp */ = {isa = PBXFileReference; fileEncoding = 4; lastKnownFileType = sourcecode.cpp.cpp; path = Vector2.cpp; sourceTree = "<group>"; };
		7C6EE038146305A6007A8A31 /* Vector2.h */ = {isa = PBXFileReference; fileEncoding = 4; lastKnownFileType = sourcecode.c.h; path = Vector2.h; sourceTree = "<group>"; };
		7C6EE03C14630ABC007A8A31 /* Default.png */ = {isa = PBXFileReference; lastKnownFileType = image.png; path = Default.png; sourceTree = "<group>"; };
		7C8222A9145CF2880034C429 /* EntityManager.cpp */ = {isa = PBXFileReference; fileEncoding = 4; lastKnownFileType = sourcecode.cpp.cpp; path = EntityManager.cpp; sourceTree = "<group>"; };
		7C8222AA145CF2890034C429 /* EntityManager.h */ = {isa = PBXFileReference; fileEncoding = 4; lastKnownFileType = sourcecode.c.h; path = EntityManager.h; sourceTree = "<group>"; };
		7C822541145EE18100319628 /* ProgramManager.cpp */ = {isa = PBXFileReference; fileEncoding = 4; lastKnownFileType = sourcecode.cpp.cpp; path = ProgramManager.cpp; sourceTree = "<group>"; };
		7C822542145EE18100319628 /* ProgramManager.h */ = {isa = PBXFileReference; fileEncoding = 4; lastKnownFileType = sourcecode.c.h; path = ProgramManager.h; sourceTree = "<group>"; };
		7C822545145EE40400319628 /* Shader.mm */ = {isa = PBXFileReference; fileEncoding = 4; lastKnownFileType = sourcecode.cpp.objcpp; path = Shader.mm; sourceTree = "<group>"; };
		7C822546145EE40400319628 /* Shader.h */ = {isa = PBXFileReference; fileEncoding = 4; lastKnownFileType = sourcecode.c.h; path = Shader.h; sourceTree = "<group>"; };
		7C822548145EE57100319628 /* ShaderManager.cpp */ = {isa = PBXFileReference; fileEncoding = 4; lastKnownFileType = sourcecode.cpp.cpp; path = ShaderManager.cpp; sourceTree = "<group>"; };
		7C822549145EE57100319628 /* ShaderManager.h */ = {isa = PBXFileReference; fileEncoding = 4; lastKnownFileType = sourcecode.c.h; path = ShaderManager.h; sourceTree = "<group>"; };
		7C82254B145EF43700319628 /* Color.cpp */ = {isa = PBXFileReference; fileEncoding = 4; lastKnownFileType = sourcecode.cpp.cpp; path = Color.cpp; sourceTree = "<group>"; };
		7C82254C145EF43700319628 /* Color.h */ = {isa = PBXFileReference; fileEncoding = 4; lastKnownFileType = sourcecode.c.h; path = Color.h; sourceTree = "<group>"; };
		7C82254E145EFC1A00319628 /* Vertex.cpp */ = {isa = PBXFileReference; fileEncoding = 4; lastKnownFileType = sourcecode.cpp.cpp; path = Vertex.cpp; sourceTree = "<group>"; };
		7C82254F145EFC1A00319628 /* Vertex.h */ = {isa = PBXFileReference; fileEncoding = 4; lastKnownFileType = sourcecode.c.h; path = Vertex.h; sourceTree = "<group>"; };
		7C822567145F0E2200319628 /* fuck.vs */ = {isa = PBXFileReference; fileEncoding = 4; lastKnownFileType = text; path = fuck.vs; sourceTree = "<group>"; };
		7C822569145F0EA600319628 /* fuck.fs */ = {isa = PBXFileReference; fileEncoding = 4; lastKnownFileType = text; path = fuck.fs; sourceTree = "<group>"; };
		7C84D70F145B779A00397B7A /* RenderES2.mm */ = {isa = PBXFileReference; fileEncoding = 4; lastKnownFileType = sourcecode.cpp.objcpp; path = RenderES2.mm; sourceTree = "<group>"; };
		7C84D710145B779A00397B7A /* RenderES2.h */ = {isa = PBXFileReference; fileEncoding = 4; lastKnownFileType = sourcecode.c.h; path = RenderES2.h; sourceTree = "<group>"; };
		7C84D712145B7AA900397B7A /* Program.mm */ = {isa = PBXFileReference; fileEncoding = 4; lastKnownFileType = sourcecode.cpp.objcpp; path = Program.mm; sourceTree = "<group>"; };
		7C84D713145B7AA900397B7A /* Program.h */ = {isa = PBXFileReference; fileEncoding = 4; lastKnownFileType = sourcecode.c.h; path = Program.h; sourceTree = "<group>"; };
		7C84D750145BA1F500397B7A /* bootstrapper.cpp */ = {isa = PBXFileReference; fileEncoding = 4; lastKnownFileType = sourcecode.cpp.cpp; path = bootstrapper.cpp; sourceTree = "<group>"; };
		7C84D751145BA1F500397B7A /* bootstrapper.h */ = {isa = PBXFileReference; fileEncoding = 4; lastKnownFileType = sourcecode.c.h; path = bootstrapper.h; sourceTree = "<group>"; };
		7C84D753145BA44700397B7A /* ServicesProvider.cpp */ = {isa = PBXFileReference; fileEncoding = 4; lastKnownFileType = sourcecode.cpp.cpp; path = ServicesProvider.cpp; sourceTree = "<group>"; };
		7C84D754145BA44700397B7A /* ServicesProvider.h */ = {isa = PBXFileReference; fileEncoding = 4; lastKnownFileType = sourcecode.c.h; path = ServicesProvider.h; sourceTree = "<group>"; };
		7C84D758145BA73A00397B7A /* icon.png */ = {isa = PBXFileReference; lastKnownFileType = image.png; path = icon.png; sourceTree = "<group>"; };
		7C84D75B145C032400397B7A /* IComponent.h */ = {isa = PBXFileReference; fileEncoding = 4; lastKnownFileType = sourcecode.c.h; path = IComponent.h; sourceTree = "<group>"; };
		7C84D75D145C048000397B7A /* RenderComponent.cpp */ = {isa = PBXFileReference; fileEncoding = 4; lastKnownFileType = sourcecode.cpp.cpp; path = RenderComponent.cpp; sourceTree = "<group>"; };
		7C84D75E145C048000397B7A /* RenderComponent.h */ = {isa = PBXFileReference; fileEncoding = 4; lastKnownFileType = sourcecode.c.h; path = RenderComponent.h; sourceTree = "<group>"; };
		7C84D760145C052700397B7A /* Entity.cpp */ = {isa = PBXFileReference; fileEncoding = 4; lastKnownFileType = sourcecode.cpp.cpp; path = Entity.cpp; sourceTree = "<group>"; };
		7C84D761145C052700397B7A /* Entity.h */ = {isa = PBXFileReference; fileEncoding = 4; lastKnownFileType = sourcecode.c.h; path = Entity.h; sourceTree = "<group>"; };
		7C84D763145C0F6500397B7A /* IRender.cpp */ = {isa = PBXFileReference; fileEncoding = 4; lastKnownFileType = sourcecode.cpp.cpp; path = IRender.cpp; sourceTree = "<group>"; };
		7C84D766145C1B4600397B7A /* Singleton.h */ = {isa = PBXFileReference; fileEncoding = 4; lastKnownFileType = sourcecode.c.h; path = Singleton.h; sourceTree = "<group>"; };
		7C8830F61455A71A0044D0FA /* OpenGLES.framework */ = {isa = PBXFileReference; lastKnownFileType = wrapper.framework; name = OpenGLES.framework; path = System/Library/Frameworks/OpenGLES.framework; sourceTree = SDKROOT; };
		7C8830F71455A71A0044D0FA /* QuartzCore.framework */ = {isa = PBXFileReference; lastKnownFileType = wrapper.framework; name = QuartzCore.framework; path = System/Library/Frameworks/QuartzCore.framework; sourceTree = SDKROOT; };
		7C8830FB1455A8050044D0FA /* GLView.h */ = {isa = PBXFileReference; fileEncoding = 4; lastKnownFileType = sourcecode.c.h; path = GLView.h; sourceTree = "<group>"; };
		7C8830FC1455A8050044D0FA /* GLView.mm */ = {isa = PBXFileReference; fileEncoding = 4; lastKnownFileType = sourcecode.cpp.objcpp; path = GLView.mm; sourceTree = "<group>"; };
		7C8A9C5E146623BF004E3AE8 /* PhysicsComponent.cpp */ = {isa = PBXFileReference; fileEncoding = 4; lastKnownFileType = sourcecode.cpp.cpp; path = PhysicsComponent.cpp; sourceTree = "<group>"; };
		7C8A9C5F146623BF004E3AE8 /* PhysicsComponent.h */ = {isa = PBXFileReference; fileEncoding = 4; lastKnownFileType = sourcecode.c.h; path = PhysicsComponent.h; sourceTree = "<group>"; };
		7C8A9C6214663F5F004E3AE8 /* ITouch.h */ = {isa = PBXFileReference; fileEncoding = 4; lastKnownFileType = sourcecode.c.h; path = ITouch.h; sourceTree = "<group>"; };
		7C8A9C6D146685AC004E3AE8 /* Common.cpp */ = {isa = PBXFileReference; fileEncoding = 4; lastKnownFileType = sourcecode.cpp.cpp; path = Common.cpp; sourceTree = "<group>"; };
		7CC3C45E146062CF006BCB8E /* Box2D.h */ = {isa = PBXFileReference; fileEncoding = 4; lastKnownFileType = sourcecode.c.h; path = Box2D.h; sourceTree = "<group>"; };
		7CC3C45F146062CF006BCB8E /* Box2DConfig.cmake */ = {isa = PBXFileReference; fileEncoding = 4; lastKnownFileType = text; path = Box2DConfig.cmake; sourceTree = "<group>"; };
		7CC3C460146062CF006BCB8E /* CMakeLists.txt */ = {isa = PBXFileReference; fileEncoding = 4; lastKnownFileType = text; path = CMakeLists.txt; sourceTree = "<group>"; };
		7CC3C462146062CF006BCB8E /* b2BroadPhase.cpp */ = {isa = PBXFileReference; fileEncoding = 4; lastKnownFileType = sourcecode.cpp.cpp; path = b2BroadPhase.cpp; sourceTree = "<group>"; };
		7CC3C463146062CF006BCB8E /* b2BroadPhase.h */ = {isa = PBXFileReference; fileEncoding = 4; lastKnownFileType = sourcecode.c.h; path = b2BroadPhase.h; sourceTree = "<group>"; };
		7CC3C464146062CF006BCB8E /* b2CollideCircle.cpp */ = {isa = PBXFileReference; fileEncoding = 4; lastKnownFileType = sourcecode.cpp.cpp; path = b2CollideCircle.cpp; sourceTree = "<group>"; };
		7CC3C465146062CF006BCB8E /* b2CollideEdge.cpp */ = {isa = PBXFileReference; fileEncoding = 4; lastKnownFileType = sourcecode.cpp.cpp; path = b2CollideEdge.cpp; sourceTree = "<group>"; };
		7CC3C466146062CF006BCB8E /* b2CollidePolygon.cpp */ = {isa = PBXFileReference; fileEncoding = 4; lastKnownFileType = sourcecode.cpp.cpp; path = b2CollidePolygon.cpp; sourceTree = "<group>"; };
		7CC3C467146062CF006BCB8E /* b2Collision.cpp */ = {isa = PBXFileReference; fileEncoding = 4; lastKnownFileType = sourcecode.cpp.cpp; path = b2Collision.cpp; sourceTree = "<group>"; };
		7CC3C468146062CF006BCB8E /* b2Collision.h */ = {isa = PBXFileReference; fileEncoding = 4; lastKnownFileType = sourcecode.c.h; path = b2Collision.h; sourceTree = "<group>"; };
		7CC3C469146062CF006BCB8E /* b2Distance.cpp */ = {isa = PBXFileReference; fileEncoding = 4; lastKnownFileType = sourcecode.cpp.cpp; path = b2Distance.cpp; sourceTree = "<group>"; };
		7CC3C46A146062CF006BCB8E /* b2Distance.h */ = {isa = PBXFileReference; fileEncoding = 4; lastKnownFileType = sourcecode.c.h; path = b2Distance.h; sourceTree = "<group>"; };
		7CC3C46B146062CF006BCB8E /* b2DynamicTree.cpp */ = {isa = PBXFileReference; fileEncoding = 4; lastKnownFileType = sourcecode.cpp.cpp; path = b2DynamicTree.cpp; sourceTree = "<group>"; };
		7CC3C46C146062CF006BCB8E /* b2DynamicTree.h */ = {isa = PBXFileReference; fileEncoding = 4; lastKnownFileType = sourcecode.c.h; path = b2DynamicTree.h; sourceTree = "<group>"; };
		7CC3C46D146062CF006BCB8E /* b2TimeOfImpact.cpp */ = {isa = PBXFileReference; fileEncoding = 4; lastKnownFileType = sourcecode.cpp.cpp; path = b2TimeOfImpact.cpp; sourceTree = "<group>"; };
		7CC3C46E146062CF006BCB8E /* b2TimeOfImpact.h */ = {isa = PBXFileReference; fileEncoding = 4; lastKnownFileType = sourcecode.c.h; path = b2TimeOfImpact.h; sourceTree = "<group>"; };
		7CC3C470146062CF006BCB8E /* b2ChainShape.cpp */ = {isa = PBXFileReference; fileEncoding = 4; lastKnownFileType = sourcecode.cpp.cpp; path = b2ChainShape.cpp; sourceTree = "<group>"; };
		7CC3C471146062CF006BCB8E /* b2ChainShape.h */ = {isa = PBXFileReference; fileEncoding = 4; lastKnownFileType = sourcecode.c.h; path = b2ChainShape.h; sourceTree = "<group>"; };
		7CC3C472146062CF006BCB8E /* b2CircleShape.cpp */ = {isa = PBXFileReference; fileEncoding = 4; lastKnownFileType = sourcecode.cpp.cpp; path = b2CircleShape.cpp; sourceTree = "<group>"; };
		7CC3C473146062CF006BCB8E /* b2CircleShape.h */ = {isa = PBXFileReference; fileEncoding = 4; lastKnownFileType = sourcecode.c.h; path = b2CircleShape.h; sourceTree = "<group>"; };
		7CC3C474146062CF006BCB8E /* b2EdgeShape.cpp */ = {isa = PBXFileReference; fileEncoding = 4; lastKnownFileType = sourcecode.cpp.cpp; path = b2EdgeShape.cpp; sourceTree = "<group>"; };
		7CC3C475146062CF006BCB8E /* b2EdgeShape.h */ = {isa = PBXFileReference; fileEncoding = 4; lastKnownFileType = sourcecode.c.h; path = b2EdgeShape.h; sourceTree = "<group>"; };
		7CC3C476146062CF006BCB8E /* b2PolygonShape.cpp */ = {isa = PBXFileReference; fileEncoding = 4; lastKnownFileType = sourcecode.cpp.cpp; path = b2PolygonShape.cpp; sourceTree = "<group>"; };
		7CC3C477146062CF006BCB8E /* b2PolygonShape.h */ = {isa = PBXFileReference; fileEncoding = 4; lastKnownFileType = sourcecode.c.h; path = b2PolygonShape.h; sourceTree = "<group>"; };
		7CC3C478146062CF006BCB8E /* b2Shape.h */ = {isa = PBXFileReference; fileEncoding = 4; lastKnownFileType = sourcecode.c.h; path = b2Shape.h; sourceTree = "<group>"; };
		7CC3C47A146062CF006BCB8E /* b2BlockAllocator.cpp */ = {isa = PBXFileReference; fileEncoding = 4; lastKnownFileType = sourcecode.cpp.cpp; path = b2BlockAllocator.cpp; sourceTree = "<group>"; };
		7CC3C47B146062CF006BCB8E /* b2BlockAllocator.h */ = {isa = PBXFileReference; fileEncoding = 4; lastKnownFileType = sourcecode.c.h; path = b2BlockAllocator.h; sourceTree = "<group>"; };
		7CC3C47C146062CF006BCB8E /* b2Draw.cpp */ = {isa = PBXFileReference; fileEncoding = 4; lastKnownFileType = sourcecode.cpp.cpp; path = b2Draw.cpp; sourceTree = "<group>"; };
		7CC3C47D146062CF006BCB8E /* b2Draw.h */ = {isa = PBXFileReference; fileEncoding = 4; lastKnownFileType = sourcecode.c.h; path = b2Draw.h; sourceTree = "<group>"; };
		7CC3C47E146062CF006BCB8E /* b2GrowableStack.h */ = {isa = PBXFileReference; fileEncoding = 4; lastKnownFileType = sourcecode.c.h; path = b2GrowableStack.h; sourceTree = "<group>"; };
		7CC3C47F146062CF006BCB8E /* b2Math.cpp */ = {isa = PBXFileReference; fileEncoding = 4; lastKnownFileType = sourcecode.cpp.cpp; path = b2Math.cpp; sourceTree = "<group>"; };
		7CC3C480146062CF006BCB8E /* b2Math.h */ = {isa = PBXFileReference; fileEncoding = 4; lastKnownFileType = sourcecode.c.h; path = b2Math.h; sourceTree = "<group>"; };
		7CC3C481146062CF006BCB8E /* b2Settings.cpp */ = {isa = PBXFileReference; fileEncoding = 4; lastKnownFileType = sourcecode.cpp.cpp; path = b2Settings.cpp; sourceTree = "<group>"; };
		7CC3C482146062CF006BCB8E /* b2Settings.h */ = {isa = PBXFileReference; fileEncoding = 4; lastKnownFileType = sourcecode.c.h; path = b2Settings.h; sourceTree = "<group>"; };
		7CC3C483146062CF006BCB8E /* b2StackAllocator.cpp */ = {isa = PBXFileReference; fileEncoding = 4; lastKnownFileType = sourcecode.cpp.cpp; path = b2StackAllocator.cpp; sourceTree = "<group>"; };
		7CC3C484146062CF006BCB8E /* b2StackAllocator.h */ = {isa = PBXFileReference; fileEncoding = 4; lastKnownFileType = sourcecode.c.h; path = b2StackAllocator.h; sourceTree = "<group>"; };
		7CC3C485146062CF006BCB8E /* b2Timer.cpp */ = {isa = PBXFileReference; fileEncoding = 4; lastKnownFileType = sourcecode.cpp.cpp; path = b2Timer.cpp; sourceTree = "<group>"; };
		7CC3C486146062CF006BCB8E /* b2Timer.h */ = {isa = PBXFileReference; fileEncoding = 4; lastKnownFileType = sourcecode.c.h; path = b2Timer.h; sourceTree = "<group>"; };
		7CC3C488146062CF006BCB8E /* b2Body.cpp */ = {isa = PBXFileReference; fileEncoding = 4; lastKnownFileType = sourcecode.cpp.cpp; path = b2Body.cpp; sourceTree = "<group>"; };
		7CC3C489146062CF006BCB8E /* b2Body.h */ = {isa = PBXFileReference; fileEncoding = 4; lastKnownFileType = sourcecode.c.h; path = b2Body.h; sourceTree = "<group>"; };
		7CC3C48A146062CF006BCB8E /* b2ContactManager.cpp */ = {isa = PBXFileReference; fileEncoding = 4; lastKnownFileType = sourcecode.cpp.cpp; path = b2ContactManager.cpp; sourceTree = "<group>"; };
		7CC3C48B146062CF006BCB8E /* b2ContactManager.h */ = {isa = PBXFileReference; fileEncoding = 4; lastKnownFileType = sourcecode.c.h; path = b2ContactManager.h; sourceTree = "<group>"; };
		7CC3C48C146062CF006BCB8E /* b2Fixture.cpp */ = {isa = PBXFileReference; fileEncoding = 4; lastKnownFileType = sourcecode.cpp.cpp; path = b2Fixture.cpp; sourceTree = "<group>"; };
		7CC3C48D146062CF006BCB8E /* b2Fixture.h */ = {isa = PBXFileReference; fileEncoding = 4; lastKnownFileType = sourcecode.c.h; path = b2Fixture.h; sourceTree = "<group>"; };
		7CC3C48E146062CF006BCB8E /* b2Island.cpp */ = {isa = PBXFileReference; fileEncoding = 4; lastKnownFileType = sourcecode.cpp.cpp; path = b2Island.cpp; sourceTree = "<group>"; };
		7CC3C48F146062CF006BCB8E /* b2Island.h */ = {isa = PBXFileReference; fileEncoding = 4; lastKnownFileType = sourcecode.c.h; path = b2Island.h; sourceTree = "<group>"; };
		7CC3C490146062CF006BCB8E /* b2TimeStep.h */ = {isa = PBXFileReference; fileEncoding = 4; lastKnownFileType = sourcecode.c.h; path = b2TimeStep.h; sourceTree = "<group>"; };
		7CC3C491146062CF006BCB8E /* b2World.cpp */ = {isa = PBXFileReference; fileEncoding = 4; lastKnownFileType = sourcecode.cpp.cpp; path = b2World.cpp; sourceTree = "<group>"; };
		7CC3C492146062CF006BCB8E /* b2World.h */ = {isa = PBXFileReference; fileEncoding = 4; lastKnownFileType = sourcecode.c.h; path = b2World.h; sourceTree = "<group>"; };
		7CC3C493146062CF006BCB8E /* b2WorldCallbacks.cpp */ = {isa = PBXFileReference; fileEncoding = 4; lastKnownFileType = sourcecode.cpp.cpp; path = b2WorldCallbacks.cpp; sourceTree = "<group>"; };
		7CC3C494146062CF006BCB8E /* b2WorldCallbacks.h */ = {isa = PBXFileReference; fileEncoding = 4; lastKnownFileType = sourcecode.c.h; path = b2WorldCallbacks.h; sourceTree = "<group>"; };
		7CC3C496146062CF006BCB8E /* b2ChainAndCircleContact.cpp */ = {isa = PBXFileReference; fileEncoding = 4; lastKnownFileType = sourcecode.cpp.cpp; path = b2ChainAndCircleContact.cpp; sourceTree = "<group>"; };
		7CC3C497146062CF006BCB8E /* b2ChainAndCircleContact.h */ = {isa = PBXFileReference; fileEncoding = 4; lastKnownFileType = sourcecode.c.h; path = b2ChainAndCircleContact.h; sourceTree = "<group>"; };
		7CC3C498146062CF006BCB8E /* b2ChainAndPolygonContact.cpp */ = {isa = PBXFileReference; fileEncoding = 4; lastKnownFileType = sourcecode.cpp.cpp; path = b2ChainAndPolygonContact.cpp; sourceTree = "<group>"; };
		7CC3C499146062CF006BCB8E /* b2ChainAndPolygonContact.h */ = {isa = PBXFileReference; fileEncoding = 4; lastKnownFileType = sourcecode.c.h; path = b2ChainAndPolygonContact.h; sourceTree = "<group>"; };
		7CC3C49A146062CF006BCB8E /* b2CircleContact.cpp */ = {isa = PBXFileReference; fileEncoding = 4; lastKnownFileType = sourcecode.cpp.cpp; path = b2CircleContact.cpp; sourceTree = "<group>"; };
		7CC3C49B146062CF006BCB8E /* b2CircleContact.h */ = {isa = PBXFileReference; fileEncoding = 4; lastKnownFileType = sourcecode.c.h; path = b2CircleContact.h; sourceTree = "<group>"; };
		7CC3C49C146062CF006BCB8E /* b2Contact.cpp */ = {isa = PBXFileReference; fileEncoding = 4; lastKnownFileType = sourcecode.cpp.cpp; path = b2Contact.cpp; sourceTree = "<group>"; };
		7CC3C49D146062CF006BCB8E /* b2Contact.h */ = {isa = PBXFileReference; fileEncoding = 4; lastKnownFileType = sourcecode.c.h; path = b2Contact.h; sourceTree = "<group>"; };
		7CC3C49E146062CF006BCB8E /* b2ContactSolver.cpp */ = {isa = PBXFileReference; fileEncoding = 4; lastKnownFileType = sourcecode.cpp.cpp; path = b2ContactSolver.cpp; sourceTree = "<group>"; };
		7CC3C49F146062CF006BCB8E /* b2ContactSolver.h */ = {isa = PBXFileReference; fileEncoding = 4; lastKnownFileType = sourcecode.c.h; path = b2ContactSolver.h; sourceTree = "<group>"; };
		7CC3C4A0146062CF006BCB8E /* b2EdgeAndCircleContact.cpp */ = {isa = PBXFileReference; fileEncoding = 4; lastKnownFileType = sourcecode.cpp.cpp; path = b2EdgeAndCircleContact.cpp; sourceTree = "<group>"; };
		7CC3C4A1146062CF006BCB8E /* b2EdgeAndCircleContact.h */ = {isa = PBXFileReference; fileEncoding = 4; lastKnownFileType = sourcecode.c.h; path = b2EdgeAndCircleContact.h; sourceTree = "<group>"; };
		7CC3C4A2146062CF006BCB8E /* b2EdgeAndPolygonContact.cpp */ = {isa = PBXFileReference; fileEncoding = 4; lastKnownFileType = sourcecode.cpp.cpp; path = b2EdgeAndPolygonContact.cpp; sourceTree = "<group>"; };
		7CC3C4A3146062CF006BCB8E /* b2EdgeAndPolygonContact.h */ = {isa = PBXFileReference; fileEncoding = 4; lastKnownFileType = sourcecode.c.h; path = b2EdgeAndPolygonContact.h; sourceTree = "<group>"; };
		7CC3C4A4146062CF006BCB8E /* b2PolygonAndCircleContact.cpp */ = {isa = PBXFileReference; fileEncoding = 4; lastKnownFileType = sourcecode.cpp.cpp; path = b2PolygonAndCircleContact.cpp; sourceTree = "<group>"; };
		7CC3C4A5146062CF006BCB8E /* b2PolygonAndCircleContact.h */ = {isa = PBXFileReference; fileEncoding = 4; lastKnownFileType = sourcecode.c.h; path = b2PolygonAndCircleContact.h; sourceTree = "<group>"; };
		7CC3C4A6146062CF006BCB8E /* b2PolygonContact.cpp */ = {isa = PBXFileReference; fileEncoding = 4; lastKnownFileType = sourcecode.cpp.cpp; path = b2PolygonContact.cpp; sourceTree = "<group>"; };
		7CC3C4A7146062CF006BCB8E /* b2PolygonContact.h */ = {isa = PBXFileReference; fileEncoding = 4; lastKnownFileType = sourcecode.c.h; path = b2PolygonContact.h; sourceTree = "<group>"; };
		7CC3C4A9146062CF006BCB8E /* b2DistanceJoint.cpp */ = {isa = PBXFileReference; fileEncoding = 4; lastKnownFileType = sourcecode.cpp.cpp; path = b2DistanceJoint.cpp; sourceTree = "<group>"; };
		7CC3C4AA146062CF006BCB8E /* b2DistanceJoint.h */ = {isa = PBXFileReference; fileEncoding = 4; lastKnownFileType = sourcecode.c.h; path = b2DistanceJoint.h; sourceTree = "<group>"; };
		7CC3C4AB146062CF006BCB8E /* b2FrictionJoint.cpp */ = {isa = PBXFileReference; fileEncoding = 4; lastKnownFileType = sourcecode.cpp.cpp; path = b2FrictionJoint.cpp; sourceTree = "<group>"; };
		7CC3C4AC146062CF006BCB8E /* b2FrictionJoint.h */ = {isa = PBXFileReference; fileEncoding = 4; lastKnownFileType = sourcecode.c.h; path = b2FrictionJoint.h; sourceTree = "<group>"; };
		7CC3C4AD146062CF006BCB8E /* b2GearJoint.cpp */ = {isa = PBXFileReference; fileEncoding = 4; lastKnownFileType = sourcecode.cpp.cpp; path = b2GearJoint.cpp; sourceTree = "<group>"; };
		7CC3C4AE146062CF006BCB8E /* b2GearJoint.h */ = {isa = PBXFileReference; fileEncoding = 4; lastKnownFileType = sourcecode.c.h; path = b2GearJoint.h; sourceTree = "<group>"; };
		7CC3C4AF146062CF006BCB8E /* b2Joint.cpp */ = {isa = PBXFileReference; fileEncoding = 4; lastKnownFileType = sourcecode.cpp.cpp; path = b2Joint.cpp; sourceTree = "<group>"; };
		7CC3C4B0146062CF006BCB8E /* b2Joint.h */ = {isa = PBXFileReference; fileEncoding = 4; lastKnownFileType = sourcecode.c.h; path = b2Joint.h; sourceTree = "<group>"; };
		7CC3C4B1146062CF006BCB8E /* b2MouseJoint.cpp */ = {isa = PBXFileReference; fileEncoding = 4; lastKnownFileType = sourcecode.cpp.cpp; path = b2MouseJoint.cpp; sourceTree = "<group>"; };
		7CC3C4B2146062CF006BCB8E /* b2MouseJoint.h */ = {isa = PBXFileReference; fileEncoding = 4; lastKnownFileType = sourcecode.c.h; path = b2MouseJoint.h; sourceTree = "<group>"; };
		7CC3C4B3146062CF006BCB8E /* b2PrismaticJoint.cpp */ = {isa = PBXFileReference; fileEncoding = 4; lastKnownFileType = sourcecode.cpp.cpp; path = b2PrismaticJoint.cpp; sourceTree = "<group>"; };
		7CC3C4B4146062CF006BCB8E /* b2PrismaticJoint.h */ = {isa = PBXFileReference; fileEncoding = 4; lastKnownFileType = sourcecode.c.h; path = b2PrismaticJoint.h; sourceTree = "<group>"; };
		7CC3C4B5146062CF006BCB8E /* b2PulleyJoint.cpp */ = {isa = PBXFileReference; fileEncoding = 4; lastKnownFileType = sourcecode.cpp.cpp; path = b2PulleyJoint.cpp; sourceTree = "<group>"; };
		7CC3C4B6146062CF006BCB8E /* b2PulleyJoint.h */ = {isa = PBXFileReference; fileEncoding = 4; lastKnownFileType = sourcecode.c.h; path = b2PulleyJoint.h; sourceTree = "<group>"; };
		7CC3C4B7146062CF006BCB8E /* b2RevoluteJoint.cpp */ = {isa = PBXFileReference; fileEncoding = 4; lastKnownFileType = sourcecode.cpp.cpp; path = b2RevoluteJoint.cpp; sourceTree = "<group>"; };
		7CC3C4B8146062CF006BCB8E /* b2RevoluteJoint.h */ = {isa = PBXFileReference; fileEncoding = 4; lastKnownFileType = sourcecode.c.h; path = b2RevoluteJoint.h; sourceTree = "<group>"; };
		7CC3C4B9146062CF006BCB8E /* b2RopeJoint.cpp */ = {isa = PBXFileReference; fileEncoding = 4; lastKnownFileType = sourcecode.cpp.cpp; path = b2RopeJoint.cpp; sourceTree = "<group>"; };
		7CC3C4BA146062CF006BCB8E /* b2RopeJoint.h */ = {isa = PBXFileReference; fileEncoding = 4; lastKnownFileType = sourcecode.c.h; path = b2RopeJoint.h; sourceTree = "<group>"; };
		7CC3C4BB146062CF006BCB8E /* b2WeldJoint.cpp */ = {isa = PBXFileReference; fileEncoding = 4; lastKnownFileType = sourcecode.cpp.cpp; path = b2WeldJoint.cpp; sourceTree = "<group>"; };
		7CC3C4BC146062CF006BCB8E /* b2WeldJoint.h */ = {isa = PBXFileReference; fileEncoding = 4; lastKnownFileType = sourcecode.c.h; path = b2WeldJoint.h; sourceTree = "<group>"; };
		7CC3C4BD146062CF006BCB8E /* b2WheelJoint.cpp */ = {isa = PBXFileReference; fileEncoding = 4; lastKnownFileType = sourcecode.cpp.cpp; path = b2WheelJoint.cpp; sourceTree = "<group>"; };
		7CC3C4BE146062CF006BCB8E /* b2WheelJoint.h */ = {isa = PBXFileReference; fileEncoding = 4; lastKnownFileType = sourcecode.c.h; path = b2WheelJoint.h; sourceTree = "<group>"; };
		7CC3C4C0146062CF006BCB8E /* b2Rope.cpp */ = {isa = PBXFileReference; fileEncoding = 4; lastKnownFileType = sourcecode.cpp.cpp; path = b2Rope.cpp; sourceTree = "<group>"; };
		7CC3C4C1146062CF006BCB8E /* b2Rope.h */ = {isa = PBXFileReference; fileEncoding = 4; lastKnownFileType = sourcecode.c.h; path = b2Rope.h; sourceTree = "<group>"; };
		7CC3C9DC14606A29006BCB8E /* box2DRender.cpp */ = {isa = PBXFileReference; fileEncoding = 4; lastKnownFileType = sourcecode.cpp.cpp; path = box2DRender.cpp; sourceTree = "<group>"; };
		7CC3C9DD14606A29006BCB8E /* box2DRender.h */ = {isa = PBXFileReference; fileEncoding = 4; lastKnownFileType = sourcecode.c.h; path = box2DRender.h; sourceTree = "<group>"; };
		7CF730B014618D8500084CD3 /* Matrix4.cpp */ = {isa = PBXFileReference; fileEncoding = 4; lastKnownFileType = sourcecode.cpp.cpp; path = Matrix4.cpp; sourceTree = "<group>"; };
		7CF730B114618D8500084CD3 /* Matrix4.h */ = {isa = PBXFileReference; fileEncoding = 4; lastKnownFileType = sourcecode.c.h; path = Matrix4.h; sourceTree = "<group>"; };
		7CF730B214618D8500084CD3 /* Vector3.cpp */ = {isa = PBXFileReference; fileEncoding = 4; lastKnownFileType = sourcecode.cpp.cpp; path = Vector3.cpp; sourceTree = "<group>"; };
		7CF730B314618D8500084CD3 /* Vector3.h */ = {isa = PBXFileReference; fileEncoding = 4; lastKnownFileType = sourcecode.c.h; path = Vector3.h; sourceTree = "<group>"; };
		7CF730B714618D9000084CD3 /* Common.h */ = {isa = PBXFileReference; fileEncoding = 4; lastKnownFileType = sourcecode.c.h; path = Common.h; sourceTree = "<group>"; };
/* End PBXFileReference section */

/* Begin PBXFrameworksBuildPhase section */
		7C2852371454EC3A00A83EBC /* Frameworks */ = {
			isa = PBXFrameworksBuildPhase;
			buildActionMask = 2147483647;
			files = (
				7C28523F1454EC3B00A83EBC /* UIKit.framework in Frameworks */,
				7C2852411454EC3B00A83EBC /* Foundation.framework in Frameworks */,
				7C2852431454EC3B00A83EBC /* CoreGraphics.framework in Frameworks */,
				7C8830F81455A71A0044D0FA /* OpenGLES.framework in Frameworks */,
				7C8830F91455A71A0044D0FA /* QuartzCore.framework in Frameworks */,
			);
			runOnlyForDeploymentPostprocessing = 0;
		};
/* End PBXFrameworksBuildPhase section */

/* Begin PBXGroup section */
		7C113B731459A17300B581B6 /* render */ = {
			isa = PBXGroup;
			children = (
				7C84D708145B710C00397B7A /* ES2 */,
				7C113B771459AB8200B581B6 /* ES1 */,
				7C113B761459A20D00B581B6 /* IRender.h */,
				7C84D763145C0F6500397B7A /* IRender.cpp */,
			);
			name = render;
			sourceTree = "<group>";
		};
		7C113B771459AB8200B581B6 /* ES1 */ = {
			isa = PBXGroup;
			children = (
				7C113B781459ADD200B581B6 /* RenderES1.cpp */,
				7C113B791459ADD200B581B6 /* RenderES1.h */,
			);
			name = ES1;
			sourceTree = "<group>";
		};
		7C28522F1454EC3A00A83EBC = {
			isa = PBXGroup;
			children = (
				7C2852441454EC3B00A83EBC /* angry_bus */,
				7C8830FF1455C10E0044D0FA /* data */,
				7C28523D1454EC3B00A83EBC /* Frameworks */,
				7C28523B1454EC3B00A83EBC /* Products */,
			);
			sourceTree = "<group>";
		};
		7C28523B1454EC3B00A83EBC /* Products */ = {
			isa = PBXGroup;
			children = (
				7C28523A1454EC3B00A83EBC /* angry_bus.app */,
			);
			name = Products;
			sourceTree = "<group>";
		};
		7C28523D1454EC3B00A83EBC /* Frameworks */ = {
			isa = PBXGroup;
			children = (
				7C8830F61455A71A0044D0FA /* OpenGLES.framework */,
				7C8830F71455A71A0044D0FA /* QuartzCore.framework */,
				7C28523E1454EC3B00A83EBC /* UIKit.framework */,
				7C2852401454EC3B00A83EBC /* Foundation.framework */,
				7C2852421454EC3B00A83EBC /* CoreGraphics.framework */,
			);
			name = Frameworks;
			sourceTree = "<group>";
		};
		7C2852441454EC3B00A83EBC /* angry_bus */ = {
			isa = PBXGroup;
			children = (
				7CC3C45C146062CF006BCB8E /* Box2D_v2.2.1 */,
				7C84D765145C1B2600397B7A /* base */,
				7C84D74F145BA13D00397B7A /* game */,
				7C113B731459A17300B581B6 /* render */,
				7C8830FE1455AA340044D0FA /* glue */,
				7C2852451454EC3B00A83EBC /* Supporting Files */,
			);
			path = angry_bus;
			sourceTree = "<group>";
		};
		7C2852451454EC3B00A83EBC /* Supporting Files */ = {
			isa = PBXGroup;
			children = (
				7C2852461454EC3B00A83EBC /* angry_bus-Info.plist */,
				7C2852471454EC3B00A83EBC /* InfoPlist.strings */,
				7C28524A1454EC3B00A83EBC /* angry_bus-Prefix.pch */,
			);
			name = "Supporting Files";
			sourceTree = "<group>";
		};
		7C84D708145B710C00397B7A /* ES2 */ = {
			isa = PBXGroup;
			children = (
				7C84D70A145B723A00397B7A /* Shader */,
				7C6EE0201462E0AB007A8A31 /* Texture.mm */,
				7C6EE0211462E0AB007A8A31 /* Texture.h */,
				7C6EE0221462E0AB007A8A31 /* TextureManager.cpp */,
				7C6EE0231462E0AB007A8A31 /* TextureManager.h */,
				7C84D710145B779A00397B7A /* RenderES2.h */,
				7C84D70F145B779A00397B7A /* RenderES2.mm */,
				7C84D713145B7AA900397B7A /* Program.h */,
				7C84D712145B7AA900397B7A /* Program.mm */,
				7C822541145EE18100319628 /* ProgramManager.cpp */,
				7C822542145EE18100319628 /* ProgramManager.h */,
				7C822545145EE40400319628 /* Shader.mm */,
				7C822546145EE40400319628 /* Shader.h */,
				7C822548145EE57100319628 /* ShaderManager.cpp */,
				7C822549145EE57100319628 /* ShaderManager.h */,
			);
			name = ES2;
			sourceTree = "<group>";
		};
		7C84D70A145B723A00397B7A /* Shader */ = {
			isa = PBXGroup;
			children = (
				7C822567145F0E2200319628 /* fuck.vs */,
				7C822569145F0EA600319628 /* fuck.fs */,
				7C6EE02F1462F6DD007A8A31 /* diffuse.vs */,
				7C6EE0311462F740007A8A31 /* diffuse.fs */,
				7C6EE033146303AF007A8A31 /* texture.vs */,
				7C6EE035146303BF007A8A31 /* texture.fs */,
			);
			name = Shader;
			sourceTree = "<group>";
		};
		7C84D74F145BA13D00397B7A /* game */ = {
			isa = PBXGroup;
			children = (
				7C5CF3F41464465800019AE0 /* IState.h */,
				7C5CF3E1146440DE00019AE0 /* StateAboutUs.cpp */,
				7C5CF3E2146440DE00019AE0 /* StateAboutUs.h */,
				7C5CF3E3146440DE00019AE0 /* StateEntryPoint.cpp */,
				7C5CF3E4146440DE00019AE0 /* StateEntryPoint.h */,
				7C5CF3E5146440DE00019AE0 /* StateLevelSelection.cpp */,
				7C5CF3E6146440DE00019AE0 /* StateLevelSelection.h */,
				7C5CF3E7146440DE00019AE0 /* StateMachine.cpp */,
				7C5CF3E8146440DE00019AE0 /* StateMachine.h */,
				7C5CF3E9146440DE00019AE0 /* StatePlaying.cpp */,
				7C5CF3EA146440DE00019AE0 /* StatePlaying.h */,
				7C84D751145BA1F500397B7A /* bootstrapper.h */,
				7C84D750145BA1F500397B7A /* bootstrapper.cpp */,
				7C84D753145BA44700397B7A /* ServicesProvider.cpp */,
				7C84D754145BA44700397B7A /* ServicesProvider.h */,
				7C84D75B145C032400397B7A /* IComponent.h */,
				7C84D75D145C048000397B7A /* RenderComponent.cpp */,
				7C84D75E145C048000397B7A /* RenderComponent.h */,
				7C84D760145C052700397B7A /* Entity.cpp */,
				7C84D761145C052700397B7A /* Entity.h */,
				7C8222A9145CF2880034C429 /* EntityManager.cpp */,
				7C8222AA145CF2890034C429 /* EntityManager.h */,
				7C8A9C5E146623BF004E3AE8 /* PhysicsComponent.cpp */,
				7C8A9C5F146623BF004E3AE8 /* PhysicsComponent.h */,
				7C8A9C6214663F5F004E3AE8 /* ITouch.h */,
			);
			name = game;
			sourceTree = "<group>";
		};
		7C84D756145BA6D300397B7A /* image */ = {
			isa = PBXGroup;
			children = (
				7C5CF3F514644FC400019AE0 /* xiongmao01.png */,
				7C6EE03C14630ABC007A8A31 /* Default.png */,
				7C84D758145BA73A00397B7A /* icon.png */,
			);
			name = image;
			sourceTree = "<group>";
		};
		7C84D757145BA70100397B7A /* music */ = {
			isa = PBXGroup;
			children = (
			);
			name = music;
			sourceTree = "<group>";
		};
		7C84D765145C1B2600397B7A /* base */ = {
			isa = PBXGroup;
			children = (
				7C5CF3F1146440ED00019AE0 /* Node.cpp */,
				7C5CF3F2146440ED00019AE0 /* Node.h */,
				7CF730B714618D9000084CD3 /* Common.h */,
				7CF730B014618D8500084CD3 /* Matrix4.cpp */,
				7CF730B114618D8500084CD3 /* Matrix4.h */,
				7CF730B214618D8500084CD3 /* Vector3.cpp */,
				7CF730B314618D8500084CD3 /* Vector3.h */,
				7C84D766145C1B4600397B7A /* Singleton.h */,
				7C82254B145EF43700319628 /* Color.cpp */,
				7C82254C145EF43700319628 /* Color.h */,
				7C82254E145EFC1A00319628 /* Vertex.cpp */,
				7C82254F145EFC1A00319628 /* Vertex.h */,
				7C6EE037146305A6007A8A31 /* Vector2.cpp */,
				7C6EE038146305A6007A8A31 /* Vector2.h */,
				7C8A9C6D146685AC004E3AE8 /* Common.cpp */,
			);
			name = base;
			sourceTree = "<group>";
		};
		7C8830FE1455AA340044D0FA /* glue */ = {
			isa = PBXGroup;
			children = (
				7C28524B1454EC3B00A83EBC /* main.m */,
				7C28524E1454EC3B00A83EBC /* angry_busAppDelegate.mm */,
				7C28524D1454EC3B00A83EBC /* angry_busAppDelegate.h */,
				7C8830FC1455A8050044D0FA /* GLView.mm */,
				7C8830FB1455A8050044D0FA /* GLView.h */,
			);
			name = glue;
			sourceTree = "<group>";
		};
		7C8830FF1455C10E0044D0FA /* data */ = {
			isa = PBXGroup;
			children = (
				7C84D757145BA70100397B7A /* music */,
				7C84D756145BA6D300397B7A /* image */,
			);
			name = data;
			path = angry_bus;
			sourceTree = "<group>";
		};
		7CC3C45C146062CF006BCB8E /* Box2D_v2.2.1 */ = {
			isa = PBXGroup;
			children = (
				7CC3C9DB146069D3006BCB8E /* box2DRender */,
				7CC3C45D146062CF006BCB8E /* Box2D */,
			);
			path = Box2D_v2.2.1;
			sourceTree = SOURCE_ROOT;
		};
		7CC3C45D146062CF006BCB8E /* Box2D */ = {
			isa = PBXGroup;
			children = (
				7CC3C45E146062CF006BCB8E /* Box2D.h */,
				7CC3C45F146062CF006BCB8E /* Box2DConfig.cmake */,
				7CC3C460146062CF006BCB8E /* CMakeLists.txt */,
				7CC3C461146062CF006BCB8E /* Collision */,
				7CC3C479146062CF006BCB8E /* Common */,
				7CC3C487146062CF006BCB8E /* Dynamics */,
				7CC3C4BF146062CF006BCB8E /* Rope */,
			);
			path = Box2D;
			sourceTree = "<group>";
		};
		7CC3C461146062CF006BCB8E /* Collision */ = {
			isa = PBXGroup;
			children = (
				7CC3C462146062CF006BCB8E /* b2BroadPhase.cpp */,
				7CC3C463146062CF006BCB8E /* b2BroadPhase.h */,
				7CC3C464146062CF006BCB8E /* b2CollideCircle.cpp */,
				7CC3C465146062CF006BCB8E /* b2CollideEdge.cpp */,
				7CC3C466146062CF006BCB8E /* b2CollidePolygon.cpp */,
				7CC3C467146062CF006BCB8E /* b2Collision.cpp */,
				7CC3C468146062CF006BCB8E /* b2Collision.h */,
				7CC3C469146062CF006BCB8E /* b2Distance.cpp */,
				7CC3C46A146062CF006BCB8E /* b2Distance.h */,
				7CC3C46B146062CF006BCB8E /* b2DynamicTree.cpp */,
				7CC3C46C146062CF006BCB8E /* b2DynamicTree.h */,
				7CC3C46D146062CF006BCB8E /* b2TimeOfImpact.cpp */,
				7CC3C46E146062CF006BCB8E /* b2TimeOfImpact.h */,
				7CC3C46F146062CF006BCB8E /* Shapes */,
			);
			path = Collision;
			sourceTree = "<group>";
		};
		7CC3C46F146062CF006BCB8E /* Shapes */ = {
			isa = PBXGroup;
			children = (
				7CC3C470146062CF006BCB8E /* b2ChainShape.cpp */,
				7CC3C471146062CF006BCB8E /* b2ChainShape.h */,
				7CC3C472146062CF006BCB8E /* b2CircleShape.cpp */,
				7CC3C473146062CF006BCB8E /* b2CircleShape.h */,
				7CC3C474146062CF006BCB8E /* b2EdgeShape.cpp */,
				7CC3C475146062CF006BCB8E /* b2EdgeShape.h */,
				7CC3C476146062CF006BCB8E /* b2PolygonShape.cpp */,
				7CC3C477146062CF006BCB8E /* b2PolygonShape.h */,
				7CC3C478146062CF006BCB8E /* b2Shape.h */,
			);
			path = Shapes;
			sourceTree = "<group>";
		};
		7CC3C479146062CF006BCB8E /* Common */ = {
			isa = PBXGroup;
			children = (
				7CC3C47A146062CF006BCB8E /* b2BlockAllocator.cpp */,
				7CC3C47B146062CF006BCB8E /* b2BlockAllocator.h */,
				7CC3C47C146062CF006BCB8E /* b2Draw.cpp */,
				7CC3C47D146062CF006BCB8E /* b2Draw.h */,
				7CC3C47E146062CF006BCB8E /* b2GrowableStack.h */,
				7CC3C47F146062CF006BCB8E /* b2Math.cpp */,
				7CC3C480146062CF006BCB8E /* b2Math.h */,
				7CC3C481146062CF006BCB8E /* b2Settings.cpp */,
				7CC3C482146062CF006BCB8E /* b2Settings.h */,
				7CC3C483146062CF006BCB8E /* b2StackAllocator.cpp */,
				7CC3C484146062CF006BCB8E /* b2StackAllocator.h */,
				7CC3C485146062CF006BCB8E /* b2Timer.cpp */,
				7CC3C486146062CF006BCB8E /* b2Timer.h */,
			);
			path = Common;
			sourceTree = "<group>";
		};
		7CC3C487146062CF006BCB8E /* Dynamics */ = {
			isa = PBXGroup;
			children = (
				7CC3C488146062CF006BCB8E /* b2Body.cpp */,
				7CC3C489146062CF006BCB8E /* b2Body.h */,
				7CC3C48A146062CF006BCB8E /* b2ContactManager.cpp */,
				7CC3C48B146062CF006BCB8E /* b2ContactManager.h */,
				7CC3C48C146062CF006BCB8E /* b2Fixture.cpp */,
				7CC3C48D146062CF006BCB8E /* b2Fixture.h */,
				7CC3C48E146062CF006BCB8E /* b2Island.cpp */,
				7CC3C48F146062CF006BCB8E /* b2Island.h */,
				7CC3C490146062CF006BCB8E /* b2TimeStep.h */,
				7CC3C491146062CF006BCB8E /* b2World.cpp */,
				7CC3C492146062CF006BCB8E /* b2World.h */,
				7CC3C493146062CF006BCB8E /* b2WorldCallbacks.cpp */,
				7CC3C494146062CF006BCB8E /* b2WorldCallbacks.h */,
				7CC3C495146062CF006BCB8E /* Contacts */,
				7CC3C4A8146062CF006BCB8E /* Joints */,
			);
			path = Dynamics;
			sourceTree = "<group>";
		};
		7CC3C495146062CF006BCB8E /* Contacts */ = {
			isa = PBXGroup;
			children = (
				7CC3C496146062CF006BCB8E /* b2ChainAndCircleContact.cpp */,
				7CC3C497146062CF006BCB8E /* b2ChainAndCircleContact.h */,
				7CC3C498146062CF006BCB8E /* b2ChainAndPolygonContact.cpp */,
				7CC3C499146062CF006BCB8E /* b2ChainAndPolygonContact.h */,
				7CC3C49A146062CF006BCB8E /* b2CircleContact.cpp */,
				7CC3C49B146062CF006BCB8E /* b2CircleContact.h */,
				7CC3C49C146062CF006BCB8E /* b2Contact.cpp */,
				7CC3C49D146062CF006BCB8E /* b2Contact.h */,
				7CC3C49E146062CF006BCB8E /* b2ContactSolver.cpp */,
				7CC3C49F146062CF006BCB8E /* b2ContactSolver.h */,
				7CC3C4A0146062CF006BCB8E /* b2EdgeAndCircleContact.cpp */,
				7CC3C4A1146062CF006BCB8E /* b2EdgeAndCircleContact.h */,
				7CC3C4A2146062CF006BCB8E /* b2EdgeAndPolygonContact.cpp */,
				7CC3C4A3146062CF006BCB8E /* b2EdgeAndPolygonContact.h */,
				7CC3C4A4146062CF006BCB8E /* b2PolygonAndCircleContact.cpp */,
				7CC3C4A5146062CF006BCB8E /* b2PolygonAndCircleContact.h */,
				7CC3C4A6146062CF006BCB8E /* b2PolygonContact.cpp */,
				7CC3C4A7146062CF006BCB8E /* b2PolygonContact.h */,
			);
			path = Contacts;
			sourceTree = "<group>";
		};
		7CC3C4A8146062CF006BCB8E /* Joints */ = {
			isa = PBXGroup;
			children = (
				7CC3C4A9146062CF006BCB8E /* b2DistanceJoint.cpp */,
				7CC3C4AA146062CF006BCB8E /* b2DistanceJoint.h */,
				7CC3C4AB146062CF006BCB8E /* b2FrictionJoint.cpp */,
				7CC3C4AC146062CF006BCB8E /* b2FrictionJoint.h */,
				7CC3C4AD146062CF006BCB8E /* b2GearJoint.cpp */,
				7CC3C4AE146062CF006BCB8E /* b2GearJoint.h */,
				7CC3C4AF146062CF006BCB8E /* b2Joint.cpp */,
				7CC3C4B0146062CF006BCB8E /* b2Joint.h */,
				7CC3C4B1146062CF006BCB8E /* b2MouseJoint.cpp */,
				7CC3C4B2146062CF006BCB8E /* b2MouseJoint.h */,
				7CC3C4B3146062CF006BCB8E /* b2PrismaticJoint.cpp */,
				7CC3C4B4146062CF006BCB8E /* b2PrismaticJoint.h */,
				7CC3C4B5146062CF006BCB8E /* b2PulleyJoint.cpp */,
				7CC3C4B6146062CF006BCB8E /* b2PulleyJoint.h */,
				7CC3C4B7146062CF006BCB8E /* b2RevoluteJoint.cpp */,
				7CC3C4B8146062CF006BCB8E /* b2RevoluteJoint.h */,
				7CC3C4B9146062CF006BCB8E /* b2RopeJoint.cpp */,
				7CC3C4BA146062CF006BCB8E /* b2RopeJoint.h */,
				7CC3C4BB146062CF006BCB8E /* b2WeldJoint.cpp */,
				7CC3C4BC146062CF006BCB8E /* b2WeldJoint.h */,
				7CC3C4BD146062CF006BCB8E /* b2WheelJoint.cpp */,
				7CC3C4BE146062CF006BCB8E /* b2WheelJoint.h */,
			);
			path = Joints;
			sourceTree = "<group>";
		};
		7CC3C4BF146062CF006BCB8E /* Rope */ = {
			isa = PBXGroup;
			children = (
				7CC3C4C0146062CF006BCB8E /* b2Rope.cpp */,
				7CC3C4C1146062CF006BCB8E /* b2Rope.h */,
			);
			path = Rope;
			sourceTree = "<group>";
		};
		7CC3C9DB146069D3006BCB8E /* box2DRender */ = {
			isa = PBXGroup;
			children = (
				7CC3C9DC14606A29006BCB8E /* box2DRender.cpp */,
				7CC3C9DD14606A29006BCB8E /* box2DRender.h */,
			);
			name = box2DRender;
			sourceTree = "<group>";
		};
/* End PBXGroup section */

/* Begin PBXNativeTarget section */
		7C2852391454EC3A00A83EBC /* angry_bus */ = {
			isa = PBXNativeTarget;
			buildConfigurationList = 7C2852551454EC3B00A83EBC /* Build configuration list for PBXNativeTarget "angry_bus" */;
			buildPhases = (
				7C2852361454EC3A00A83EBC /* Sources */,
				7C2852371454EC3A00A83EBC /* Frameworks */,
				7C2852381454EC3A00A83EBC /* Resources */,
			);
			buildRules = (
			);
			dependencies = (
			);
			name = angry_bus;
			productName = angry_bus;
			productReference = 7C28523A1454EC3B00A83EBC /* angry_bus.app */;
			productType = "com.apple.product-type.application";
		};
/* End PBXNativeTarget section */

/* Begin PBXProject section */
		7C2852311454EC3A00A83EBC /* Project object */ = {
			isa = PBXProject;
			buildConfigurationList = 7C2852341454EC3A00A83EBC /* Build configuration list for PBXProject "angry_bus" */;
			compatibilityVersion = "Xcode 3.2";
			developmentRegion = English;
			hasScannedForEncodings = 0;
			knownRegions = (
				en,
			);
			mainGroup = 7C28522F1454EC3A00A83EBC;
			productRefGroup = 7C28523B1454EC3B00A83EBC /* Products */;
			projectDirPath = "";
			projectRoot = "";
			targets = (
				7C2852391454EC3A00A83EBC /* angry_bus */,
			);
		};
/* End PBXProject section */

/* Begin PBXResourcesBuildPhase section */
		7C2852381454EC3A00A83EBC /* Resources */ = {
			isa = PBXResourcesBuildPhase;
			buildActionMask = 2147483647;
			files = (
				7C2852491454EC3B00A83EBC /* InfoPlist.strings in Resources */,
				7C84D759145BA73A00397B7A /* icon.png in Resources */,
				7C822568145F0E2200319628 /* fuck.vs in Resources */,
				7C82256A145F0EA600319628 /* fuck.fs in Resources */,
				7CC3C759146062D0006BCB8E /* Box2DConfig.cmake in Resources */,
				7CC3C75A146062D0006BCB8E /* CMakeLists.txt in Resources */,
				7C6EE0301462F6DE007A8A31 /* diffuse.vs in Resources */,
				7C6EE0321462F740007A8A31 /* diffuse.fs in Resources */,
				7C6EE034146303AF007A8A31 /* texture.vs in Resources */,
				7C6EE036146303BF007A8A31 /* texture.fs in Resources */,
				7C6EE03D14630ABC007A8A31 /* Default.png in Resources */,
				7C5CF3F614644FC400019AE0 /* xiongmao01.png in Resources */,
			);
			runOnlyForDeploymentPostprocessing = 0;
		};
/* End PBXResourcesBuildPhase section */

/* Begin PBXSourcesBuildPhase section */
		7C2852361454EC3A00A83EBC /* Sources */ = {
			isa = PBXSourcesBuildPhase;
			buildActionMask = 2147483647;
			files = (
				7C28524C1454EC3B00A83EBC /* main.m in Sources */,
				7C28524F1454EC3B00A83EBC /* angry_busAppDelegate.mm in Sources */,
				7C8830FD1455A8050044D0FA /* GLView.mm in Sources */,
				7C113B7A1459ADD200B581B6 /* RenderES1.cpp in Sources */,
				7C84D711145B779A00397B7A /* RenderES2.mm in Sources */,
				7C84D714145B7AA900397B7A /* Program.mm in Sources */,
				7C84D752145BA1F500397B7A /* bootstrapper.cpp in Sources */,
				7C84D755145BA44700397B7A /* ServicesProvider.cpp in Sources */,
				7C84D75F145C048100397B7A /* RenderComponent.cpp in Sources */,
				7C84D762145C052800397B7A /* Entity.cpp in Sources */,
				7C84D764145C0F6500397B7A /* IRender.cpp in Sources */,
				7C8222AB145CF2890034C429 /* EntityManager.cpp in Sources */,
				7C822543145EE18100319628 /* ProgramManager.cpp in Sources */,
				7C822547145EE40400319628 /* Shader.mm in Sources */,
				7C82254A145EE57100319628 /* ShaderManager.cpp in Sources */,
				7C82254D145EF43700319628 /* Color.cpp in Sources */,
				7C822550145EFC1A00319628 /* Vertex.cpp in Sources */,
				7CC3C75B146062D0006BCB8E /* b2BroadPhase.cpp in Sources */,
				7CC3C75C146062D0006BCB8E /* b2CollideCircle.cpp in Sources */,
				7CC3C75D146062D0006BCB8E /* b2CollideEdge.cpp in Sources */,
				7CC3C75E146062D0006BCB8E /* b2CollidePolygon.cpp in Sources */,
				7CC3C75F146062D0006BCB8E /* b2Collision.cpp in Sources */,
				7CC3C760146062D0006BCB8E /* b2Distance.cpp in Sources */,
				7CC3C761146062D0006BCB8E /* b2DynamicTree.cpp in Sources */,
				7CC3C762146062D0006BCB8E /* b2TimeOfImpact.cpp in Sources */,
				7CC3C763146062D0006BCB8E /* b2ChainShape.cpp in Sources */,
				7CC3C764146062D0006BCB8E /* b2CircleShape.cpp in Sources */,
				7CC3C765146062D0006BCB8E /* b2EdgeShape.cpp in Sources */,
				7CC3C766146062D0006BCB8E /* b2PolygonShape.cpp in Sources */,
				7CC3C767146062D0006BCB8E /* b2BlockAllocator.cpp in Sources */,
				7CC3C768146062D0006BCB8E /* b2Draw.cpp in Sources */,
				7CC3C769146062D0006BCB8E /* b2Math.cpp in Sources */,
				7CC3C76A146062D0006BCB8E /* b2Settings.cpp in Sources */,
				7CC3C76B146062D0006BCB8E /* b2StackAllocator.cpp in Sources */,
				7CC3C76C146062D0006BCB8E /* b2Timer.cpp in Sources */,
				7CC3C76D146062D0006BCB8E /* b2Body.cpp in Sources */,
				7CC3C76E146062D0006BCB8E /* b2ContactManager.cpp in Sources */,
				7CC3C76F146062D0006BCB8E /* b2Fixture.cpp in Sources */,
				7CC3C770146062D0006BCB8E /* b2Island.cpp in Sources */,
				7CC3C771146062D0006BCB8E /* b2World.cpp in Sources */,
				7CC3C772146062D0006BCB8E /* b2WorldCallbacks.cpp in Sources */,
				7CC3C773146062D0006BCB8E /* b2ChainAndCircleContact.cpp in Sources */,
				7CC3C774146062D0006BCB8E /* b2ChainAndPolygonContact.cpp in Sources */,
				7CC3C775146062D0006BCB8E /* b2CircleContact.cpp in Sources */,
				7CC3C776146062D0006BCB8E /* b2Contact.cpp in Sources */,
				7CC3C777146062D0006BCB8E /* b2ContactSolver.cpp in Sources */,
				7CC3C778146062D0006BCB8E /* b2EdgeAndCircleContact.cpp in Sources */,
				7CC3C779146062D0006BCB8E /* b2EdgeAndPolygonContact.cpp in Sources */,
				7CC3C77A146062D0006BCB8E /* b2PolygonAndCircleContact.cpp in Sources */,
				7CC3C77B146062D0006BCB8E /* b2PolygonContact.cpp in Sources */,
				7CC3C77C146062D0006BCB8E /* b2DistanceJoint.cpp in Sources */,
				7CC3C77D146062D0006BCB8E /* b2FrictionJoint.cpp in Sources */,
				7CC3C77E146062D0006BCB8E /* b2GearJoint.cpp in Sources */,
				7CC3C77F146062D0006BCB8E /* b2Joint.cpp in Sources */,
				7CC3C780146062D0006BCB8E /* b2MouseJoint.cpp in Sources */,
				7CC3C781146062D0006BCB8E /* b2PrismaticJoint.cpp in Sources */,
				7CC3C782146062D0006BCB8E /* b2PulleyJoint.cpp in Sources */,
				7CC3C783146062D0006BCB8E /* b2RevoluteJoint.cpp in Sources */,
				7CC3C784146062D0006BCB8E /* b2RopeJoint.cpp in Sources */,
				7CC3C785146062D0006BCB8E /* b2WeldJoint.cpp in Sources */,
				7CC3C786146062D0006BCB8E /* b2WheelJoint.cpp in Sources */,
				7CC3C787146062D0006BCB8E /* b2Rope.cpp in Sources */,
				7CC3C9DE14606A29006BCB8E /* box2DRender.cpp in Sources */,
				7CF730B414618D8500084CD3 /* Matrix4.cpp in Sources */,
				7CF730B514618D8500084CD3 /* Vector3.cpp in Sources */,
				7C6EE0241462E0AB007A8A31 /* Texture.mm in Sources */,
				7C6EE0251462E0AB007A8A31 /* TextureManager.cpp in Sources */,
				7C6EE039146305A6007A8A31 /* Vector2.cpp in Sources */,
				7C5CF3EB146440DE00019AE0 /* StateAboutUs.cpp in Sources */,
				7C5CF3EC146440DE00019AE0 /* StateEntryPoint.cpp in Sources */,
				7C5CF3ED146440DE00019AE0 /* StateLevelSelection.cpp in Sources */,
				7C5CF3EE146440DE00019AE0 /* StateMachine.cpp in Sources */,
				7C5CF3EF146440DE00019AE0 /* StatePlaying.cpp in Sources */,
				7C5CF3F3146440ED00019AE0 /* Node.cpp in Sources */,
				7C8A9C60146623BF004E3AE8 /* PhysicsComponent.cpp in Sources */,
				7C8A9C6E146685AC004E3AE8 /* Common.cpp in Sources */,
			);
			runOnlyForDeploymentPostprocessing = 0;
		};
/* End PBXSourcesBuildPhase section */

/* Begin PBXVariantGroup section */
		7C2852471454EC3B00A83EBC /* InfoPlist.strings */ = {
			isa = PBXVariantGroup;
			children = (
				7C2852481454EC3B00A83EBC /* en */,
			);
			name = InfoPlist.strings;
			sourceTree = "<group>";
		};
/* End PBXVariantGroup section */

/* Begin XCBuildConfiguration section */
		7C2852531454EC3B00A83EBC /* Debug */ = {
			isa = XCBuildConfiguration;
			buildSettings = {
				ARCHS = "$(ARCHS_STANDARD_32_BIT)";
				"CODE_SIGN_IDENTITY[sdk=iphoneos*]" = "iPhone Developer";
				GCC_C_LANGUAGE_STANDARD = gnu99;
				GCC_OPTIMIZATION_LEVEL = 0;
				GCC_PREPROCESSOR_DEFINITIONS = DEBUG;
				GCC_SYMBOLS_PRIVATE_EXTERN = NO;
				GCC_VERSION = com.apple.compilers.llvmgcc42;
				GCC_WARN_ABOUT_RETURN_TYPE = YES;
				GCC_WARN_UNUSED_VARIABLE = YES;
				HEADER_SEARCH_PATHS = Box2D;
				IPHONEOS_DEPLOYMENT_TARGET = 4.3;
				SDKROOT = iphoneos;
			};
			name = Debug;
		};
		7C2852541454EC3B00A83EBC /* Release */ = {
			isa = XCBuildConfiguration;
			buildSettings = {
				ARCHS = "$(ARCHS_STANDARD_32_BIT)";
				"CODE_SIGN_IDENTITY[sdk=iphoneos*]" = "iPhone Developer";
				GCC_C_LANGUAGE_STANDARD = gnu99;
				GCC_VERSION = com.apple.compilers.llvmgcc42;
				GCC_WARN_ABOUT_RETURN_TYPE = YES;
				GCC_WARN_UNUSED_VARIABLE = YES;
				HEADER_SEARCH_PATHS = Box2D;
				IPHONEOS_DEPLOYMENT_TARGET = 4.3;
				OTHER_CFLAGS = "-DNS_BLOCK_ASSERTIONS=1";
				SDKROOT = iphoneos;
			};
			name = Release;
		};
		7C2852561454EC3B00A83EBC /* Debug */ = {
			isa = XCBuildConfiguration;
			buildSettings = {
				ALWAYS_SEARCH_USER_PATHS = YES;
				COPY_PHASE_STRIP = NO;
				GCC_DYNAMIC_NO_PIC = NO;
				GCC_PRECOMPILE_PREFIX_HEADER = YES;
				GCC_PREFIX_HEADER = "angry_bus/angry_bus-Prefix.pch";
				HEADER_SEARCH_PATHS = Box2D_v2.2.1;
				INFOPLIST_FILE = "angry_bus/angry_bus-Info.plist";
				PRODUCT_NAME = "$(TARGET_NAME)";
				WRAPPER_EXTENSION = app;
			};
			name = Debug;
		};
		7C2852571454EC3B00A83EBC /* Release */ = {
			isa = XCBuildConfiguration;
			buildSettings = {
				ALWAYS_SEARCH_USER_PATHS = YES;
				COPY_PHASE_STRIP = YES;
				GCC_PRECOMPILE_PREFIX_HEADER = YES;
				GCC_PREFIX_HEADER = "angry_bus/angry_bus-Prefix.pch";
				HEADER_SEARCH_PATHS = Box2D_v2.2.1;
				INFOPLIST_FILE = "angry_bus/angry_bus-Info.plist";
				PRODUCT_NAME = "$(TARGET_NAME)";
				VALIDATE_PRODUCT = YES;
				WRAPPER_EXTENSION = app;
			};
			name = Release;
		};
/* End XCBuildConfiguration section */

/* Begin XCConfigurationList section */
		7C2852341454EC3A00A83EBC /* Build configuration list for PBXProject "angry_bus" */ = {
			isa = XCConfigurationList;
			buildConfigurations = (
				7C2852531454EC3B00A83EBC /* Debug */,
				7C2852541454EC3B00A83EBC /* Release */,
			);
			defaultConfigurationIsVisible = 0;
			defaultConfigurationName = Release;
		};
		7C2852551454EC3B00A83EBC /* Build configuration list for PBXNativeTarget "angry_bus" */ = {
			isa = XCConfigurationList;
			buildConfigurations = (
				7C2852561454EC3B00A83EBC /* Debug */,
				7C2852571454EC3B00A83EBC /* Release */,
			);
			defaultConfigurationIsVisible = 0;
			defaultConfigurationName = Release;
		};
/* End XCConfigurationList section */
	};
	rootObject = 7C2852311454EC3A00A83EBC /* Project object */;
}
